{
  "requires": true,
  "lockfileVersion": 1,
  "dependencies": {
    "@uifabric/example-data": {
      "version": "7.0.1",
      "resolved": "https://registry.npmjs.org/@uifabric/example-data/-/example-data-7.0.1.tgz",
      "integrity": "sha512-HWw2lAbF5Fn1NhmxxEpzgWrprEsQ7+Ut71zpAHdCJoVCVeesHl03gY/obBIz8ogrufW0RIlkrNSredy6uRzYDQ==",
      "requires": {
        "tslib": "^1.7.1"
      }
    },
    "tslib": {
      "version": "1.10.0",
      "resolved": "https://registry.npmjs.org/tslib/-/tslib-1.10.0.tgz",
      "integrity": "sha512-qOebF53frne81cf0S9B41ByenJ3/IuH8yJKngAX35CmiZySA0khhkovshKK+jGCaMnVomla7gVlIcc3EvKPbTQ=="
    }
  }
}
